
Microsoft Visual Studio Solution File, Format Version 12.00
# Visual Studio 15
VisualStudioVersion = 15.0.28307.106
MinimumVisualStudioVersion = 10.0.40219.1
Project("{FAE04EC0-301F-11D3-BF4B-00C04F79EFBC}") = "CC", "CC\CC.csproj", "{555084D6-8A23-4038-8B45-744ACBD8438D}"
EndProject
Global
	GlobalSection(SolutionConfigurationPlatforms) = preSolution
		Debug|Any CPU = Debug|Any CPU
		Release|Any CPU = Release|Any CPU
	EndGlobalSection
	GlobalSection(ProjectConfigurationPlatforms) = postSolution
		{555084D6-8A23-4038-8B45-744ACBD8438D}.Debug|Any CPU.ActiveCfg = Debug|Any CPU
		{555084D6-8A23-4038-8B45-744ACBD8438D}.Debug|Any CPU.Build.0 = Debug|Any CPU
		{555084D6-8A23-4038-8B45-744ACBD8438D}.Release|Any CPU.ActiveCfg = Release|Any CPU
		{555084D6-8A23-4038-8B45-744ACBD8438D}.Release|Any CPU.Build.0 = Release|Any CPU
	EndGlobalSection
	GlobalSection(SolutionProperties) = preSolution
		HideSolutionNode = FALSE
	EndGlobalSection
	GlobalSection(ExtensibilityGlobals) = postSolution
		SolutionGuid = {ACD4B057-2D77-4D5D-BA01-B61F28481A41}
	EndGlobalSection
EndGlobal
